
Microsoft Visual Studio Solution File, Format Version 9.00
# Visual Studio 2005
Project("{8BC9CEB8-8B4A-11D0-8D11-00A0C91BC942}") = "ezhttpserver", "ezhttpserver\ezhttpserver.vcproj", "{1F3140CB-EAE7-482D-B91D-8F0D9B2CD74E}"
EndProject
Global
	GlobalSection(SolutionConfigurationPlatforms) = preSolution
		Debug|Win32 = Debug|Win32
		Release|Win32 = Release|Win32
	EndGlobalSection
	GlobalSection(ProjectConfigurationPlatforms) = postSolution
		{1F3140CB-EAE7-482D-B91D-8F0D9B2CD74E}.Debug|Win32.ActiveCfg = Debug|Win32
		{1F3140CB-EAE7-482D-B91D-8F0D9B2CD74E}.Debug|Win32.Build.0 = Debug|Win32
		{1F3140CB-EAE7-482D-B91D-8F0D9B2CD74E}.Release|Win32.ActiveCfg = Release|Win32
		{1F3140CB-EAE7-482D-B91D-8F0D9B2CD74E}.Release|Win32.Build.0 = Release|Win32
	EndGlobalSection
	GlobalSection(SolutionProperties) = preSolution
		HideSolutionNode = FALSE
	EndGlobalSection
EndGlobal
